
Microsoft Visual Studio Solution File, Format Version 12.00
# Visual Studio Version 16
VisualStudioVersion = 16.0.29123.88
MinimumVisualStudioVersion = 10.0.40219.1
Project("{FAE04EC0-301F-11D3-BF4B-00C04F79EFBC}") = "LoopFor", "LoopFor\LoopFor.csproj", "{EDA7E6C2-4A8A-400A-89EA-2AF51EF93444}"
EndProject
Global
	GlobalSection(SolutionConfigurationPlatforms) = preSolution
		Debug|Any CPU = Debug|Any CPU
		Release|Any CPU = Release|Any CPU
	EndGlobalSection
	GlobalSection(ProjectConfigurationPlatforms) = postSolution
		{EDA7E6C2-4A8A-400A-89EA-2AF51EF93444}.Debug|Any CPU.ActiveCfg = Debug|Any CPU
		{EDA7E6C2-4A8A-400A-89EA-2AF51EF93444}.Debug|Any CPU.Build.0 = Debug|Any CPU
		{EDA7E6C2-4A8A-400A-89EA-2AF51EF93444}.Release|Any CPU.ActiveCfg = Release|Any CPU
		{EDA7E6C2-4A8A-400A-89EA-2AF51EF93444}.Release|Any CPU.Build.0 = Release|Any CPU
	EndGlobalSection
	GlobalSection(SolutionProperties) = preSolution
		HideSolutionNode = FALSE
	EndGlobalSection
	GlobalSection(ExtensibilityGlobals) = postSolution
		SolutionGuid = {D1EC7948-A8FC-4C70-8F5C-0F1E56559EEF}
	EndGlobalSection
EndGlobal
